{
  "meteor": {},
  "dependencies": {
    "basePackages": {
      "bootstrap3-sass": {}
    },
    "packages": {
      "bootstrap3-sass": {
        "git": "https://github.com/reywood/meteor-bootstrap3-sass.git",
        "tag": "v3.1.1-4",
        "commit": "398582dc4d07d7126b9a1c6a244d1a0deec31732"
      },
      "scss": {
        "git": "https://github.com/fourseven/meteor-scss.git",
        "tag": "v0.8.4",
        "commit": "11af0da643944d241fe7d173af76162c4b670dee"
      }
    }
  }
}
